
Microsoft Visual Studio Solution File, Format Version 10.00
# Visual Studio 2008
Project("{FAE04EC0-301F-11D3-BF4B-00C04F79EFBC}") = "AndyPike.Castlecasts.Validation", "AndyPike.Castlecasts.Validation.csproj", "{1A2B2D12-02FE-4652-9AF3-BEB0CFDB09CD}"
EndProject
Global
	GlobalSection(SolutionConfigurationPlatforms) = preSolution
		Debug|Any CPU = Debug|Any CPU
		Release|Any CPU = Release|Any CPU
	EndGlobalSection
	GlobalSection(ProjectConfigurationPlatforms) = postSolution
		{1A2B2D12-02FE-4652-9AF3-BEB0CFDB09CD}.Debug|Any CPU.ActiveCfg = Debug|Any CPU
		{1A2B2D12-02FE-4652-9AF3-BEB0CFDB09CD}.Debug|Any CPU.Build.0 = Debug|Any CPU
		{1A2B2D12-02FE-4652-9AF3-BEB0CFDB09CD}.Release|Any CPU.ActiveCfg = Release|Any CPU
		{1A2B2D12-02FE-4652-9AF3-BEB0CFDB09CD}.Release|Any CPU.Build.0 = Release|Any CPU
	EndGlobalSection
	GlobalSection(SolutionProperties) = preSolution
		HideSolutionNode = FALSE
	EndGlobalSection
EndGlobal
