
Microsoft Visual Studio Solution File, Format Version 10.00
# Visual Studio 2008
Project("{FAE04EC0-301F-11D3-BF4B-00C04F79EFBC}") = "AndyPike.Castlecasts.MonoRailDataBinding", "AndyPike.Castlecasts.MonoRailDataBinding.csproj", "{C0193F86-8601-4B31-A037-AB373F3D3CED}"
EndProject
Global
	GlobalSection(SolutionConfigurationPlatforms) = preSolution
		Debug|Any CPU = Debug|Any CPU
		Release|Any CPU = Release|Any CPU
	EndGlobalSection
	GlobalSection(ProjectConfigurationPlatforms) = postSolution
		{C0193F86-8601-4B31-A037-AB373F3D3CED}.Debug|Any CPU.ActiveCfg = Debug|Any CPU
		{C0193F86-8601-4B31-A037-AB373F3D3CED}.Debug|Any CPU.Build.0 = Debug|Any CPU
		{C0193F86-8601-4B31-A037-AB373F3D3CED}.Release|Any CPU.ActiveCfg = Release|Any CPU
		{C0193F86-8601-4B31-A037-AB373F3D3CED}.Release|Any CPU.Build.0 = Release|Any CPU
	EndGlobalSection
	GlobalSection(SolutionProperties) = preSolution
		HideSolutionNode = FALSE
	EndGlobalSection
EndGlobal
